
Microsoft Visual Studio Solution File, Format Version 12.00
# Visual Studio Version 17
VisualStudioVersion = 17.8.34316.72
MinimumVisualStudioVersion = 10.0.40219.1
Project("{FAE04EC0-301F-11D3-BF4B-00C04F79EFBC}") = "API_Facturacion", "API_Facturacion\API_Facturacion.csproj", "{CD0C9AE1-5C29-4D4E-AE2A-F91D3E18DA88}"
EndProject
Global
	GlobalSection(SolutionConfigurationPlatforms) = preSolution
		Debug|Any CPU = Debug|Any CPU
		Release|Any CPU = Release|Any CPU
	EndGlobalSection
	GlobalSection(ProjectConfigurationPlatforms) = postSolution
		{CD0C9AE1-5C29-4D4E-AE2A-F91D3E18DA88}.Debug|Any CPU.ActiveCfg = Debug|Any CPU
		{CD0C9AE1-5C29-4D4E-AE2A-F91D3E18DA88}.Debug|Any CPU.Build.0 = Debug|Any CPU
		{CD0C9AE1-5C29-4D4E-AE2A-F91D3E18DA88}.Release|Any CPU.ActiveCfg = Release|Any CPU
		{CD0C9AE1-5C29-4D4E-AE2A-F91D3E18DA88}.Release|Any CPU.Build.0 = Release|Any CPU
	EndGlobalSection
	GlobalSection(SolutionProperties) = preSolution
		HideSolutionNode = FALSE
	EndGlobalSection
	GlobalSection(ExtensibilityGlobals) = postSolution
		SolutionGuid = {F09C61ED-9B5D-4205-93DC-BA28591DE1DD}
	EndGlobalSection
EndGlobal
